
Microsoft Visual Studio Solution File, Format Version 12.00
# Visual Studio Version 17
VisualStudioVersion = 17.12.35514.174
MinimumVisualStudioVersion = 10.0.40219.1
Project("{FAE04EC0-301F-11D3-BF4B-00C04F79EFBC}") = "Applicazione1", "Applicazione1\Applicazione1.csproj", "{BA12918A-7514-47E4-9852-3FF87964FB97}"
EndProject
Project("{FAE04EC0-301F-11D3-BF4B-00C04F79EFBC}") = "OOP", "OOP\OOP.csproj", "{F92C08ED-E7A8-4D6E-98D3-406B333C019C}"
EndProject
Project("{FAE04EC0-301F-11D3-BF4B-00C04F79EFBC}") = "Inheritance", "Inheritance\Inheritance.csproj", "{0201EDE2-99DC-44D0-AF51-4DF322D5E759}"
EndProject
Project("{FAE04EC0-301F-11D3-BF4B-00C04F79EFBC}") = "Biblioteca", "Biblioteca\Biblioteca.csproj", "{EEAD42B6-F8FA-4E26-A056-735EF7BB0CC8}"
EndProject
Project("{FAE04EC0-301F-11D3-BF4B-00C04F79EFBC}") = "Statici", "Statici\Statici.csproj", "{8B9441C3-1421-4DF7-A68F-71098F2065B8}"
EndProject
Project("{FAE04EC0-301F-11D3-BF4B-00C04F79EFBC}") = "Delegati", "Delegati\Delegati.csproj", "{A48ECB34-DF8D-42E7-A1BA-4C1C54CB485F}"
EndProject
Project("{FAE04EC0-301F-11D3-BF4B-00C04F79EFBC}") = "TipiAnonimi", "TipiAnonimi\TipiAnonimi.csproj", "{7691B9C7-D3A1-4368-B41E-E4C74696B6B9}"
EndProject
Project("{FAE04EC0-301F-11D3-BF4B-00C04F79EFBC}") = "ClassiAstratte", "ClassiAstratte\ClassiAstratte.csproj", "{3033E419-1908-40B9-8C2E-BA9786EE91D0}"
EndProject
Project("{FAE04EC0-301F-11D3-BF4B-00C04F79EFBC}") = "Poligoni", "Poligoni\Poligoni.csproj", "{27363C2F-6142-4AE2-9808-51469B7AEA7E}"
EndProject
Project("{FAE04EC0-301F-11D3-BF4B-00C04F79EFBC}") = "Eccezioni", "Eccezioni\Eccezioni.csproj", "{2B683BE3-ED69-4BBD-B334-274581980466}"
EndProject
Project("{FAE04EC0-301F-11D3-BF4B-00C04F79EFBC}") = "M009-GestioneFile", "M009-GestioneFile\M009-GestioneFile.csproj", "{B672CA40-5F12-4BED-B0C3-ECFA5D3A989F}"
EndProject
Project("{FAE04EC0-301F-11D3-BF4B-00C04F79EFBC}") = "M010_Generics", "M010_Generics\M010_Generics.csproj", "{6E1C7AC7-63E3-4B74-AB57-EDDE6FD76220}"
EndProject
Project("{FAE04EC0-301F-11D3-BF4B-00C04F79EFBC}") = "M010_Collezioni", "M010_Collezioni\M010_Collezioni.csproj", "{0D0814B5-555C-4E6A-B51F-15D75B413CE2}"
EndProject
Project("{FAE04EC0-301F-11D3-BF4B-00C04F79EFBC}") = "Attributi", "Attributi\Attributi.csproj", "{15720392-E677-4DD1-BDCA-2C447EA3B7FA}"
EndProject
Project("{FAE04EC0-301F-11D3-BF4B-00C04F79EFBC}") = "AdoNet", "AdoNet\AdoNet.csproj", "{F35C24E2-7841-4E4E-8941-D5721DC54DB4}"
EndProject
Project("{FAE04EC0-301F-11D3-BF4B-00C04F79EFBC}") = "M015_EntityFramework", "M015_EntityFramework\M015_EntityFramework.csproj", "{A8639C3D-C654-4F0B-B37D-98FCD478F45B}"
EndProject
Project("{FAE04EC0-301F-11D3-BF4B-00C04F79EFBC}") = "Serializzazione", "Serializzazione\Serializzazione.csproj", "{AA3D0C4F-19B6-4717-93AE-663F69E0E4A5}"
EndProject
Project("{FAE04EC0-301F-11D3-BF4B-00C04F79EFBC}") = "M017_AsyncAwait", "M017_AsyncAwait\M017_AsyncAwait.csproj", "{D86DFC7E-4875-4C6D-B108-99AC653FCA8A}"
EndProject
Project("{FAE04EC0-301F-11D3-BF4B-00C04F79EFBC}") = "M32_ProgettoDaTestare", "M32_ProgettoDaTestare\M32_ProgettoDaTestare.csproj", "{22206AF0-BD6F-4306-A26E-33FD4E2815D9}"
EndProject
Project("{FAE04EC0-301F-11D3-BF4B-00C04F79EFBC}") = "M32_Test", "M32_Test\M32_Test.csproj", "{D2BDEFDA-67A7-4CC4-94AB-24000CC38D5F}"
EndProject
Global
	GlobalSection(SolutionConfigurationPlatforms) = preSolution
		Debug|Any CPU = Debug|Any CPU
		Release|Any CPU = Release|Any CPU
	EndGlobalSection
	GlobalSection(ProjectConfigurationPlatforms) = postSolution
		{BA12918A-7514-47E4-9852-3FF87964FB97}.Debug|Any CPU.ActiveCfg = Debug|Any CPU
		{BA12918A-7514-47E4-9852-3FF87964FB97}.Debug|Any CPU.Build.0 = Debug|Any CPU
		{BA12918A-7514-47E4-9852-3FF87964FB97}.Release|Any CPU.ActiveCfg = Release|Any CPU
		{BA12918A-7514-47E4-9852-3FF87964FB97}.Release|Any CPU.Build.0 = Release|Any CPU
		{F92C08ED-E7A8-4D6E-98D3-406B333C019C}.Debug|Any CPU.ActiveCfg = Debug|Any CPU
		{F92C08ED-E7A8-4D6E-98D3-406B333C019C}.Debug|Any CPU.Build.0 = Debug|Any CPU
		{F92C08ED-E7A8-4D6E-98D3-406B333C019C}.Release|Any CPU.ActiveCfg = Release|Any CPU
		{F92C08ED-E7A8-4D6E-98D3-406B333C019C}.Release|Any CPU.Build.0 = Release|Any CPU
		{0201EDE2-99DC-44D0-AF51-4DF322D5E759}.Debug|Any CPU.ActiveCfg = Debug|Any CPU
		{0201EDE2-99DC-44D0-AF51-4DF322D5E759}.Debug|Any CPU.Build.0 = Debug|Any CPU
		{0201EDE2-99DC-44D0-AF51-4DF322D5E759}.Release|Any CPU.ActiveCfg = Release|Any CPU
		{0201EDE2-99DC-44D0-AF51-4DF322D5E759}.Release|Any CPU.Build.0 = Release|Any CPU
		{EEAD42B6-F8FA-4E26-A056-735EF7BB0CC8}.Debug|Any CPU.ActiveCfg = Debug|Any CPU
		{EEAD42B6-F8FA-4E26-A056-735EF7BB0CC8}.Debug|Any CPU.Build.0 = Debug|Any CPU
		{EEAD42B6-F8FA-4E26-A056-735EF7BB0CC8}.Release|Any CPU.ActiveCfg = Release|Any CPU
		{EEAD42B6-F8FA-4E26-A056-735EF7BB0CC8}.Release|Any CPU.Build.0 = Release|Any CPU
		{8B9441C3-1421-4DF7-A68F-71098F2065B8}.Debug|Any CPU.ActiveCfg = Debug|Any CPU
		{8B9441C3-1421-4DF7-A68F-71098F2065B8}.Debug|Any CPU.Build.0 = Debug|Any CPU
		{8B9441C3-1421-4DF7-A68F-71098F2065B8}.Release|Any CPU.ActiveCfg = Release|Any CPU
		{8B9441C3-1421-4DF7-A68F-71098F2065B8}.Release|Any CPU.Build.0 = Release|Any CPU
		{A48ECB34-DF8D-42E7-A1BA-4C1C54CB485F}.Debug|Any CPU.ActiveCfg = Debug|Any CPU
		{A48ECB34-DF8D-42E7-A1BA-4C1C54CB485F}.Debug|Any CPU.Build.0 = Debug|Any CPU
		{A48ECB34-DF8D-42E7-A1BA-4C1C54CB485F}.Release|Any CPU.ActiveCfg = Release|Any CPU
		{A48ECB34-DF8D-42E7-A1BA-4C1C54CB485F}.Release|Any CPU.Build.0 = Release|Any CPU
		{7691B9C7-D3A1-4368-B41E-E4C74696B6B9}.Debug|Any CPU.ActiveCfg = Debug|Any CPU
		{7691B9C7-D3A1-4368-B41E-E4C74696B6B9}.Debug|Any CPU.Build.0 = Debug|Any CPU
		{7691B9C7-D3A1-4368-B41E-E4C74696B6B9}.Release|Any CPU.ActiveCfg = Release|Any CPU
		{7691B9C7-D3A1-4368-B41E-E4C74696B6B9}.Release|Any CPU.Build.0 = Release|Any CPU
		{3033E419-1908-40B9-8C2E-BA9786EE91D0}.Debug|Any CPU.ActiveCfg = Debug|Any CPU
		{3033E419-1908-40B9-8C2E-BA9786EE91D0}.Debug|Any CPU.Build.0 = Debug|Any CPU
		{3033E419-1908-40B9-8C2E-BA9786EE91D0}.Release|Any CPU.ActiveCfg = Release|Any CPU
		{3033E419-1908-40B9-8C2E-BA9786EE91D0}.Release|Any CPU.Build.0 = Release|Any CPU
		{27363C2F-6142-4AE2-9808-51469B7AEA7E}.Debug|Any CPU.ActiveCfg = Debug|Any CPU
		{27363C2F-6142-4AE2-9808-51469B7AEA7E}.Debug|Any CPU.Build.0 = Debug|Any CPU
		{27363C2F-6142-4AE2-9808-51469B7AEA7E}.Release|Any CPU.ActiveCfg = Release|Any CPU
		{27363C2F-6142-4AE2-9808-51469B7AEA7E}.Release|Any CPU.Build.0 = Release|Any CPU
		{2B683BE3-ED69-4BBD-B334-274581980466}.Debug|Any CPU.ActiveCfg = Debug|Any CPU
		{2B683BE3-ED69-4BBD-B334-274581980466}.Debug|Any CPU.Build.0 = Debug|Any CPU
		{2B683BE3-ED69-4BBD-B334-274581980466}.Release|Any CPU.ActiveCfg = Release|Any CPU
		{2B683BE3-ED69-4BBD-B334-274581980466}.Release|Any CPU.Build.0 = Release|Any CPU
		{B672CA40-5F12-4BED-B0C3-ECFA5D3A989F}.Debug|Any CPU.ActiveCfg = Debug|Any CPU
		{B672CA40-5F12-4BED-B0C3-ECFA5D3A989F}.Debug|Any CPU.Build.0 = Debug|Any CPU
		{B672CA40-5F12-4BED-B0C3-ECFA5D3A989F}.Release|Any CPU.ActiveCfg = Release|Any CPU
		{B672CA40-5F12-4BED-B0C3-ECFA5D3A989F}.Release|Any CPU.Build.0 = Release|Any CPU
		{6E1C7AC7-63E3-4B74-AB57-EDDE6FD76220}.Debug|Any CPU.ActiveCfg = Debug|Any CPU
		{6E1C7AC7-63E3-4B74-AB57-EDDE6FD76220}.Debug|Any CPU.Build.0 = Debug|Any CPU
		{6E1C7AC7-63E3-4B74-AB57-EDDE6FD76220}.Release|Any CPU.ActiveCfg = Release|Any CPU
		{6E1C7AC7-63E3-4B74-AB57-EDDE6FD76220}.Release|Any CPU.Build.0 = Release|Any CPU
		{0D0814B5-555C-4E6A-B51F-15D75B413CE2}.Debug|Any CPU.ActiveCfg = Debug|Any CPU
		{0D0814B5-555C-4E6A-B51F-15D75B413CE2}.Debug|Any CPU.Build.0 = Debug|Any CPU
		{0D0814B5-555C-4E6A-B51F-15D75B413CE2}.Release|Any CPU.ActiveCfg = Release|Any CPU
		{0D0814B5-555C-4E6A-B51F-15D75B413CE2}.Release|Any CPU.Build.0 = Release|Any CPU
		{15720392-E677-4DD1-BDCA-2C447EA3B7FA}.Debug|Any CPU.ActiveCfg = Debug|Any CPU
		{15720392-E677-4DD1-BDCA-2C447EA3B7FA}.Debug|Any CPU.Build.0 = Debug|Any CPU
		{15720392-E677-4DD1-BDCA-2C447EA3B7FA}.Release|Any CPU.ActiveCfg = Release|Any CPU
		{15720392-E677-4DD1-BDCA-2C447EA3B7FA}.Release|Any CPU.Build.0 = Release|Any CPU
		{F35C24E2-7841-4E4E-8941-D5721DC54DB4}.Debug|Any CPU.ActiveCfg = Debug|Any CPU
		{F35C24E2-7841-4E4E-8941-D5721DC54DB4}.Debug|Any CPU.Build.0 = Debug|Any CPU
		{F35C24E2-7841-4E4E-8941-D5721DC54DB4}.Release|Any CPU.ActiveCfg = Release|Any CPU
		{F35C24E2-7841-4E4E-8941-D5721DC54DB4}.Release|Any CPU.Build.0 = Release|Any CPU
		{A8639C3D-C654-4F0B-B37D-98FCD478F45B}.Debug|Any CPU.ActiveCfg = Debug|Any CPU
		{A8639C3D-C654-4F0B-B37D-98FCD478F45B}.Debug|Any CPU.Build.0 = Debug|Any CPU
		{A8639C3D-C654-4F0B-B37D-98FCD478F45B}.Release|Any CPU.ActiveCfg = Release|Any CPU
		{A8639C3D-C654-4F0B-B37D-98FCD478F45B}.Release|Any CPU.Build.0 = Release|Any CPU
		{AA3D0C4F-19B6-4717-93AE-663F69E0E4A5}.Debug|Any CPU.ActiveCfg = Debug|Any CPU
		{AA3D0C4F-19B6-4717-93AE-663F69E0E4A5}.Debug|Any CPU.Build.0 = Debug|Any CPU
		{AA3D0C4F-19B6-4717-93AE-663F69E0E4A5}.Release|Any CPU.ActiveCfg = Release|Any CPU
		{AA3D0C4F-19B6-4717-93AE-663F69E0E4A5}.Release|Any CPU.Build.0 = Release|Any CPU
		{D86DFC7E-4875-4C6D-B108-99AC653FCA8A}.Debug|Any CPU.ActiveCfg = Debug|Any CPU
		{D86DFC7E-4875-4C6D-B108-99AC653FCA8A}.Debug|Any CPU.Build.0 = Debug|Any CPU
		{D86DFC7E-4875-4C6D-B108-99AC653FCA8A}.Release|Any CPU.ActiveCfg = Release|Any CPU
		{D86DFC7E-4875-4C6D-B108-99AC653FCA8A}.Release|Any CPU.Build.0 = Release|Any CPU
		{22206AF0-BD6F-4306-A26E-33FD4E2815D9}.Debug|Any CPU.ActiveCfg = Debug|Any CPU
		{22206AF0-BD6F-4306-A26E-33FD4E2815D9}.Debug|Any CPU.Build.0 = Debug|Any CPU
		{22206AF0-BD6F-4306-A26E-33FD4E2815D9}.Release|Any CPU.ActiveCfg = Release|Any CPU
		{22206AF0-BD6F-4306-A26E-33FD4E2815D9}.Release|Any CPU.Build.0 = Release|Any CPU
		{D2BDEFDA-67A7-4CC4-94AB-24000CC38D5F}.Debug|Any CPU.ActiveCfg = Debug|Any CPU
		{D2BDEFDA-67A7-4CC4-94AB-24000CC38D5F}.Debug|Any CPU.Build.0 = Debug|Any CPU
		{D2BDEFDA-67A7-4CC4-94AB-24000CC38D5F}.Release|Any CPU.ActiveCfg = Release|Any CPU
		{D2BDEFDA-67A7-4CC4-94AB-24000CC38D5F}.Release|Any CPU.Build.0 = Release|Any CPU
	EndGlobalSection
	GlobalSection(SolutionProperties) = preSolution
		HideSolutionNode = FALSE
	EndGlobalSection
	GlobalSection(ExtensibilityGlobals) = postSolution
		SolutionGuid = {3CE2269C-E307-4BB3-8BD1-CE3D8C5994FB}
	EndGlobalSection
EndGlobal
